
Microsoft Visual Studio Solution File, Format Version 12.00
# Visual Studio Version 17
VisualStudioVersion = 17.14.36603.0 d17.14
MinimumVisualStudioVersion = 10.0.40219.1
Project("{8BC9CEB8-8B4A-11D0-8D11-00A0C91BC942}") = "test.10.25.3", "test.10.25.3.vcxproj", "{FF6CE11D-A1B4-43DA-BA3F-700BFEB2F9CE}"
EndProject
Global
	GlobalSection(SolutionConfigurationPlatforms) = preSolution
		Debug|x64 = Debug|x64
		Debug|x86 = Debug|x86
		Release|x64 = Release|x64
		Release|x86 = Release|x86
	EndGlobalSection
	GlobalSection(ProjectConfigurationPlatforms) = postSolution
		{FF6CE11D-A1B4-43DA-BA3F-700BFEB2F9CE}.Debug|x64.ActiveCfg = Debug|x64
		{FF6CE11D-A1B4-43DA-BA3F-700BFEB2F9CE}.Debug|x64.Build.0 = Debug|x64
		{FF6CE11D-A1B4-43DA-BA3F-700BFEB2F9CE}.Debug|x86.ActiveCfg = Debug|Win32
		{FF6CE11D-A1B4-43DA-BA3F-700BFEB2F9CE}.Debug|x86.Build.0 = Debug|Win32
		{FF6CE11D-A1B4-43DA-BA3F-700BFEB2F9CE}.Release|x64.ActiveCfg = Release|x64
		{FF6CE11D-A1B4-43DA-BA3F-700BFEB2F9CE}.Release|x64.Build.0 = Release|x64
		{FF6CE11D-A1B4-43DA-BA3F-700BFEB2F9CE}.Release|x86.ActiveCfg = Release|Win32
		{FF6CE11D-A1B4-43DA-BA3F-700BFEB2F9CE}.Release|x86.Build.0 = Release|Win32
	EndGlobalSection
	GlobalSection(SolutionProperties) = preSolution
		HideSolutionNode = FALSE
	EndGlobalSection
	GlobalSection(ExtensibilityGlobals) = postSolution
		SolutionGuid = {A340E2A2-BF44-40E5-B7AE-B5464AF0CFDB}
	EndGlobalSection
EndGlobal
