
Microsoft Visual Studio Solution File, Format Version 12.00
# Visual Studio Version 17
VisualStudioVersion = 17.14.36603.0 d17.14
MinimumVisualStudioVersion = 10.0.40219.1
Project("{8BC9CEB8-8B4A-11D0-8D11-00A0C91BC942}") = "Project1", "Project1.vcxproj", "{576D41C5-9B81-41E6-9281-011377A4CF43}"
EndProject
Global
	GlobalSection(SolutionConfigurationPlatforms) = preSolution
		Debug|x64 = Debug|x64
		Debug|x86 = Debug|x86
		Release|x64 = Release|x64
		Release|x86 = Release|x86
	EndGlobalSection
	GlobalSection(ProjectConfigurationPlatforms) = postSolution
		{576D41C5-9B81-41E6-9281-011377A4CF43}.Debug|x64.ActiveCfg = Debug|x64
		{576D41C5-9B81-41E6-9281-011377A4CF43}.Debug|x64.Build.0 = Debug|x64
		{576D41C5-9B81-41E6-9281-011377A4CF43}.Debug|x86.ActiveCfg = Debug|Win32
		{576D41C5-9B81-41E6-9281-011377A4CF43}.Debug|x86.Build.0 = Debug|Win32
		{576D41C5-9B81-41E6-9281-011377A4CF43}.Release|x64.ActiveCfg = Release|x64
		{576D41C5-9B81-41E6-9281-011377A4CF43}.Release|x64.Build.0 = Release|x64
		{576D41C5-9B81-41E6-9281-011377A4CF43}.Release|x86.ActiveCfg = Release|Win32
		{576D41C5-9B81-41E6-9281-011377A4CF43}.Release|x86.Build.0 = Release|Win32
	EndGlobalSection
	GlobalSection(SolutionProperties) = preSolution
		HideSolutionNode = FALSE
	EndGlobalSection
	GlobalSection(ExtensibilityGlobals) = postSolution
		SolutionGuid = {B8348858-2905-4E7D-A03C-999F70142B73}
	EndGlobalSection
EndGlobal
