
Microsoft Visual Studio Solution File, Format Version 12.00
# Visual Studio Version 17
VisualStudioVersion = 17.14.36603.0 d17.14
MinimumVisualStudioVersion = 10.0.40219.1
Project("{8BC9CEB8-8B4A-11D0-8D11-00A0C91BC942}") = "test.10.26.4", "test.10.26.4.vcxproj", "{FAC67004-A515-40BB-A317-4E6AE97C2FF8}"
EndProject
Global
	GlobalSection(SolutionConfigurationPlatforms) = preSolution
		Debug|x64 = Debug|x64
		Debug|x86 = Debug|x86
		Release|x64 = Release|x64
		Release|x86 = Release|x86
	EndGlobalSection
	GlobalSection(ProjectConfigurationPlatforms) = postSolution
		{FAC67004-A515-40BB-A317-4E6AE97C2FF8}.Debug|x64.ActiveCfg = Debug|x64
		{FAC67004-A515-40BB-A317-4E6AE97C2FF8}.Debug|x64.Build.0 = Debug|x64
		{FAC67004-A515-40BB-A317-4E6AE97C2FF8}.Debug|x86.ActiveCfg = Debug|Win32
		{FAC67004-A515-40BB-A317-4E6AE97C2FF8}.Debug|x86.Build.0 = Debug|Win32
		{FAC67004-A515-40BB-A317-4E6AE97C2FF8}.Release|x64.ActiveCfg = Release|x64
		{FAC67004-A515-40BB-A317-4E6AE97C2FF8}.Release|x64.Build.0 = Release|x64
		{FAC67004-A515-40BB-A317-4E6AE97C2FF8}.Release|x86.ActiveCfg = Release|Win32
		{FAC67004-A515-40BB-A317-4E6AE97C2FF8}.Release|x86.Build.0 = Release|Win32
	EndGlobalSection
	GlobalSection(SolutionProperties) = preSolution
		HideSolutionNode = FALSE
	EndGlobalSection
	GlobalSection(ExtensibilityGlobals) = postSolution
		SolutionGuid = {CE79E5F2-3F3C-4DB8-B57E-F58AF1BC2F12}
	EndGlobalSection
EndGlobal
